
Microsoft Visual Studio Solution File, Format Version 12.00
# Visual Studio Version 16
VisualStudioVersion = 16.0.29519.181
MinimumVisualStudioVersion = 10.0.40219.1
Project("{FAE04EC0-301F-11D3-BF4B-00C04F79EFBC}") = "Namensliste", "Namensliste\Namensliste.csproj", "{C2AC5840-667A-42F0-9C45-5D9D150787E2}"
EndProject
Global
	GlobalSection(SolutionConfigurationPlatforms) = preSolution
		Debug|Any CPU = Debug|Any CPU
		Release|Any CPU = Release|Any CPU
	EndGlobalSection
	GlobalSection(ProjectConfigurationPlatforms) = postSolution
		{C2AC5840-667A-42F0-9C45-5D9D150787E2}.Debug|Any CPU.ActiveCfg = Debug|Any CPU
		{C2AC5840-667A-42F0-9C45-5D9D150787E2}.Debug|Any CPU.Build.0 = Debug|Any CPU
		{C2AC5840-667A-42F0-9C45-5D9D150787E2}.Release|Any CPU.ActiveCfg = Release|Any CPU
		{C2AC5840-667A-42F0-9C45-5D9D150787E2}.Release|Any CPU.Build.0 = Release|Any CPU
	EndGlobalSection
	GlobalSection(SolutionProperties) = preSolution
		HideSolutionNode = FALSE
	EndGlobalSection
	GlobalSection(ExtensibilityGlobals) = postSolution
		SolutionGuid = {4DD41AEF-022D-4ED8-96C5-92A02D567FA5}
	EndGlobalSection
EndGlobal
